
Microsoft Visual Studio Solution File, Format Version 12.00
# Visual Studio Version 17
VisualStudioVersion = 17.0.32112.339
MinimumVisualStudioVersion = 10.0.40219.1
Project("{FAE04EC0-301F-11D3-BF4B-00C04F79EFBC}") = "FilmsApp.WebApi", "FilmsApp.WebApi\FilmsApp.WebApi.csproj", "{8DBEE301-453D-4454-980F-77792EBF39AA}"
EndProject
Project("{FAE04EC0-301F-11D3-BF4B-00C04F79EFBC}") = "FilmsApp.Data", "FilmsApp.Data\FilmsApp.Data.csproj", "{763606D6-B7E1-454C-98DB-9163F89DE4BE}"
EndProject
Global
	GlobalSection(SolutionConfigurationPlatforms) = preSolution
		Debug|Any CPU = Debug|Any CPU
		Release|Any CPU = Release|Any CPU
	EndGlobalSection
	GlobalSection(ProjectConfigurationPlatforms) = postSolution
		{8DBEE301-453D-4454-980F-77792EBF39AA}.Debug|Any CPU.ActiveCfg = Debug|Any CPU
		{8DBEE301-453D-4454-980F-77792EBF39AA}.Debug|Any CPU.Build.0 = Debug|Any CPU
		{8DBEE301-453D-4454-980F-77792EBF39AA}.Release|Any CPU.ActiveCfg = Release|Any CPU
		{8DBEE301-453D-4454-980F-77792EBF39AA}.Release|Any CPU.Build.0 = Release|Any CPU
		{763606D6-B7E1-454C-98DB-9163F89DE4BE}.Debug|Any CPU.ActiveCfg = Debug|Any CPU
		{763606D6-B7E1-454C-98DB-9163F89DE4BE}.Debug|Any CPU.Build.0 = Debug|Any CPU
		{763606D6-B7E1-454C-98DB-9163F89DE4BE}.Release|Any CPU.ActiveCfg = Release|Any CPU
		{763606D6-B7E1-454C-98DB-9163F89DE4BE}.Release|Any CPU.Build.0 = Release|Any CPU
	EndGlobalSection
	GlobalSection(SolutionProperties) = preSolution
		HideSolutionNode = FALSE
	EndGlobalSection
	GlobalSection(ExtensibilityGlobals) = postSolution
		SolutionGuid = {A100F477-B7A9-4FC8-A6F1-C64D94F4EFDA}
	EndGlobalSection
EndGlobal
